
Microsoft Visual Studio Solution File, Format Version 12.00
# Visual Studio Version 17
VisualStudioVersion = 17.14.36212.18 d17.14
MinimumVisualStudioVersion = 10.0.40219.1
Project("{FAE04EC0-301F-11D3-BF4B-00C04F79EFBC}") = "LPR381Solver", "LPR381Solver\LPR381Solver.csproj", "{768CED25-47C7-4EA6-BEA0-25994292C70A}"
EndProject
Global
	GlobalSection(SolutionConfigurationPlatforms) = preSolution
		Debug|Any CPU = Debug|Any CPU
		Release|Any CPU = Release|Any CPU
	EndGlobalSection
	GlobalSection(ProjectConfigurationPlatforms) = postSolution
		{768CED25-47C7-4EA6-BEA0-25994292C70A}.Debug|Any CPU.ActiveCfg = Debug|Any CPU
		{768CED25-47C7-4EA6-BEA0-25994292C70A}.Debug|Any CPU.Build.0 = Debug|Any CPU
		{768CED25-47C7-4EA6-BEA0-25994292C70A}.Release|Any CPU.ActiveCfg = Release|Any CPU
		{768CED25-47C7-4EA6-BEA0-25994292C70A}.Release|Any CPU.Build.0 = Release|Any CPU
	EndGlobalSection
	GlobalSection(SolutionProperties) = preSolution
		HideSolutionNode = FALSE
	EndGlobalSection
	GlobalSection(ExtensibilityGlobals) = postSolution
		SolutionGuid = {D8914351-BF36-426D-AADA-F14BC6108790}
	EndGlobalSection
EndGlobal
